
Microsoft Visual Studio Solution File, Format Version 12.00
# Visual Studio Version 16
VisualStudioVersion = 16.0.31424.327
MinimumVisualStudioVersion = 10.0.40219.1
Project("{FAE04EC0-301F-11D3-BF4B-00C04F79EFBC}") = "CryptoTest", "CryptoTest\CryptoTest.csproj", "{656D81B4-B48B-48D3-8BF1-8799C186C5B8}"
EndProject
Global
	GlobalSection(SolutionConfigurationPlatforms) = preSolution
		Debug|Any CPU = Debug|Any CPU
		Release|Any CPU = Release|Any CPU
	EndGlobalSection
	GlobalSection(ProjectConfigurationPlatforms) = postSolution
		{656D81B4-B48B-48D3-8BF1-8799C186C5B8}.Debug|Any CPU.ActiveCfg = Debug|Any CPU
		{656D81B4-B48B-48D3-8BF1-8799C186C5B8}.Debug|Any CPU.Build.0 = Debug|Any CPU
		{656D81B4-B48B-48D3-8BF1-8799C186C5B8}.Release|Any CPU.ActiveCfg = Release|Any CPU
		{656D81B4-B48B-48D3-8BF1-8799C186C5B8}.Release|Any CPU.Build.0 = Release|Any CPU
	EndGlobalSection
	GlobalSection(SolutionProperties) = preSolution
		HideSolutionNode = FALSE
	EndGlobalSection
	GlobalSection(ExtensibilityGlobals) = postSolution
		SolutionGuid = {800AD110-BCC1-4346-8BBE-93C9F4BE02EE}
	EndGlobalSection
EndGlobal
